
Microsoft Visual Studio Solution File, Format Version 12.00
# Visual Studio Version 17
VisualStudioVersion = 17.11.35208.52
MinimumVisualStudioVersion = 10.0.40219.1
Project("{FAE04EC0-301F-11D3-BF4B-00C04F79EFBC}") = "Shopy App", "Shopy App\Shopy App.csproj", "{2AA30FA0-6189-4672-A2FD-9B073BF9E244}"
EndProject
Global
	GlobalSection(SolutionConfigurationPlatforms) = preSolution
		Debug|Any CPU = Debug|Any CPU
		Release|Any CPU = Release|Any CPU
	EndGlobalSection
	GlobalSection(ProjectConfigurationPlatforms) = postSolution
		{2AA30FA0-6189-4672-A2FD-9B073BF9E244}.Debug|Any CPU.ActiveCfg = Debug|Any CPU
		{2AA30FA0-6189-4672-A2FD-9B073BF9E244}.Debug|Any CPU.Build.0 = Debug|Any CPU
		{2AA30FA0-6189-4672-A2FD-9B073BF9E244}.Release|Any CPU.ActiveCfg = Release|Any CPU
		{2AA30FA0-6189-4672-A2FD-9B073BF9E244}.Release|Any CPU.Build.0 = Release|Any CPU
	EndGlobalSection
	GlobalSection(SolutionProperties) = preSolution
		HideSolutionNode = FALSE
	EndGlobalSection
	GlobalSection(ExtensibilityGlobals) = postSolution
		SolutionGuid = {3F63B989-E525-48D5-851E-7188E31E1A2F}
	EndGlobalSection
EndGlobal
